// !$*UTF8*$!
{
	archiveVersion = 1;
	classes = {
	};
	objectVersion = 50;
	objects = {

/* Begin PBXBuildFile section */
		7D3968662668663300A916AD /* AppDelegate.swift in Sources */ = {isa = PBXBuildFile; fileRef = 7D3968652668663300A916AD /* AppDelegate.swift */; };
		7D3968682668663300A916AD /* SceneDelegate.swift in Sources */ = {isa = PBXBuildFile; fileRef = 7D3968672668663300A916AD /* SceneDelegate.swift */; };
		7D39686A2668663300A916AD /* ViewController.swift in Sources */ = {isa = PBXBuildFile; fileRef = 7D3968692668663300A916AD /* ViewController.swift */; };
		7D39686D2668663300A916AD /* Main.storyboard in Resources */ = {isa = PBXBuildFile; fileRef = 7D39686B2668663300A916AD /* Main.storyboard */; };
		7D39686F2668663400A916AD /* Assets.xcassets in Resources */ = {isa = PBXBuildFile; fileRef = 7D39686E2668663400A916AD /* Assets.xcassets */; };
		7D3968722668663400A916AD /* LaunchScreen.storyboard in Resources */ = {isa = PBXBuildFile; fileRef = 7D3968702668663400A916AD /* LaunchScreen.storyboard */; };
		7D5056FA27FBD74800F9B652 /* THPageControl.swift in Sources */ = {isa = PBXBuildFile; fileRef = 7D5056F927FBD74800F9B652 /* THPageControl.swift */; };
		7D5056FD27FBD91700F9B652 /* FirstVC.swift in Sources */ = {isa = PBXBuildFile; fileRef = 7D5056FC27FBD91700F9B652 /* FirstVC.swift */; };
		7D5056FF27FBD91F00F9B652 /* SecondVC.swift in Sources */ = {isa = PBXBuildFile; fileRef = 7D5056FE27FBD91F00F9B652 /* SecondVC.swift */; };
		7D50570127FBD92900F9B652 /* ThirdVC.swift in Sources */ = {isa = PBXBuildFile; fileRef = 7D50570027FBD92900F9B652 /* ThirdVC.swift */; };
		7DFACA5927BB7222006DDC36 /* THSegmentControl.swift in Sources */ = {isa = PBXBuildFile; fileRef = 7DFACA5827BB7222006DDC36 /* THSegmentControl.swift */; };
/* End PBXBuildFile section */

/* Begin PBXFileReference section */
		7D3968622668663300A916AD /* THSegmentControl.app */ = {isa = PBXFileReference; explicitFileType = wrapper.application; includeInIndex = 0; path = THSegmentControl.app; sourceTree = BUILT_PRODUCTS_DIR; };
		7D3968652668663300A916AD /* AppDelegate.swift */ = {isa = PBXFileReference; lastKnownFileType = sourcecode.swift; path = AppDelegate.swift; sourceTree = "<group>"; };
		7D3968672668663300A916AD /* SceneDelegate.swift */ = {isa = PBXFileReference; lastKnownFileType = sourcecode.swift; path = SceneDelegate.swift; sourceTree = "<group>"; };
		7D3968692668663300A916AD /* ViewController.swift */ = {isa = PBXFileReference; lastKnownFileType = sourcecode.swift; path = ViewController.swift; sourceTree = "<group>"; };
		7D39686C2668663300A916AD /* Base */ = {isa = PBXFileReference; lastKnownFileType = file.storyboard; name = Base; path = Base.lproj/Main.storyboard; sourceTree = "<group>"; };
		7D39686E2668663400A916AD /* Assets.xcassets */ = {isa = PBXFileReference; lastKnownFileType = folder.assetcatalog; path = Assets.xcassets; sourceTree = "<group>"; };
		7D3968712668663400A916AD /* Base */ = {isa = PBXFileReference; lastKnownFileType = file.storyboard; name = Base; path = Base.lproj/LaunchScreen.storyboard; sourceTree = "<group>"; };
		7D3968732668663400A916AD /* Info.plist */ = {isa = PBXFileReference; lastKnownFileType = text.plist.xml; path = Info.plist; sourceTree = "<group>"; };
		7D5056F927FBD74800F9B652 /* THPageControl.swift */ = {isa = PBXFileReference; lastKnownFileType = sourcecode.swift; path = THPageControl.swift; sourceTree = "<group>"; };
		7D5056FC27FBD91700F9B652 /* FirstVC.swift */ = {isa = PBXFileReference; lastKnownFileType = sourcecode.swift; path = FirstVC.swift; sourceTree = "<group>"; };
		7D5056FE27FBD91F00F9B652 /* SecondVC.swift */ = {isa = PBXFileReference; lastKnownFileType = sourcecode.swift; path = SecondVC.swift; sourceTree = "<group>"; };
		7D50570027FBD92900F9B652 /* ThirdVC.swift */ = {isa = PBXFileReference; lastKnownFileType = sourcecode.swift; path = ThirdVC.swift; sourceTree = "<group>"; };
		7DFACA5827BB7222006DDC36 /* THSegmentControl.swift */ = {isa = PBXFileReference; lastKnownFileType = sourcecode.swift; path = THSegmentControl.swift; sourceTree = "<group>"; };
/* End PBXFileReference section */

/* Begin PBXFrameworksBuildPhase section */
		7D39685F2668663300A916AD /* Frameworks */ = {
			isa = PBXFrameworksBuildPhase;
			buildActionMask = 2147483647;
			files = (
			);
			runOnlyForDeploymentPostprocessing = 0;
		};
/* End PBXFrameworksBuildPhase section */

/* Begin PBXGroup section */
		7D3968592668663300A916AD = {
			isa = PBXGroup;
			children = (
				7D3968642668663300A916AD /* THSegmentControl */,
				7D3968632668663300A916AD /* Products */,
			);
			sourceTree = "<group>";
		};
		7D3968632668663300A916AD /* Products */ = {
			isa = PBXGroup;
			children = (
				7D3968622668663300A916AD /* THSegmentControl.app */,
			);
			name = Products;
			sourceTree = "<group>";
		};
		7D3968642668663300A916AD /* THSegmentControl */ = {
			isa = PBXGroup;
			children = (
				7D5056FB27FBD90300F9B652 /* SubView */,
				7DFACA5727BB7213006DDC36 /* lib */,
				7D3968652668663300A916AD /* AppDelegate.swift */,
				7D3968672668663300A916AD /* SceneDelegate.swift */,
				7D3968692668663300A916AD /* ViewController.swift */,
				7D39686B2668663300A916AD /* Main.storyboard */,
				7D39686E2668663400A916AD /* Assets.xcassets */,
				7D3968702668663400A916AD /* LaunchScreen.storyboard */,
				7D3968732668663400A916AD /* Info.plist */,
			);
			path = THSegmentControl;
			sourceTree = "<group>";
		};
		7D5056FB27FBD90300F9B652 /* SubView */ = {
			isa = PBXGroup;
			children = (
				7D5056FC27FBD91700F9B652 /* FirstVC.swift */,
				7D5056FE27FBD91F00F9B652 /* SecondVC.swift */,
				7D50570027FBD92900F9B652 /* ThirdVC.swift */,
			);
			path = SubView;
			sourceTree = "<group>";
		};
		7DFACA5727BB7213006DDC36 /* lib */ = {
			isa = PBXGroup;
			children = (
				7DFACA5827BB7222006DDC36 /* THSegmentControl.swift */,
				7D5056F927FBD74800F9B652 /* THPageControl.swift */,
			);
			path = lib;
			sourceTree = "<group>";
		};
/* End PBXGroup section */

/* Begin PBXNativeTarget section */
		7D3968612668663300A916AD /* THSegmentControl */ = {
			isa = PBXNativeTarget;
			buildConfigurationList = 7D3968762668663400A916AD /* Build configuration list for PBXNativeTarget "THSegmentControl" */;
			buildPhases = (
				7D39685E2668663300A916AD /* Sources */,
				7D39685F2668663300A916AD /* Frameworks */,
				7D3968602668663300A916AD /* Resources */,
			);
			buildRules = (
			);
			dependencies = (
			);
			name = THSegmentControl;
			productName = THSegmentControl;
			productReference = 7D3968622668663300A916AD /* THSegmentControl.app */;
			productType = "com.apple.product-type.application";
		};
/* End PBXNativeTarget section */

/* Begin PBXProject section */
		7D39685A2668663300A916AD /* Project object */ = {
			isa = PBXProject;
			attributes = {
				LastSwiftUpdateCheck = 1250;
				LastUpgradeCheck = 1250;
				TargetAttributes = {
					7D3968612668663300A916AD = {
						CreatedOnToolsVersion = 12.5;
					};
				};
			};
			buildConfigurationList = 7D39685D2668663300A916AD /* Build configuration list for PBXProject "THSegmentControl" */;
			compatibilityVersion = "Xcode 9.3";
			developmentRegion = en;
			hasScannedForEncodings = 0;
			knownRegions = (
				en,
				Base,
			);
			mainGroup = 7D3968592668663300A916AD;
			productRefGroup = 7D3968632668663300A916AD /* Products */;
			projectDirPath = "";
			projectRoot = "";
			targets = (
				7D3968612668663300A916AD /* THSegmentControl */,
			);
		};
/* End PBXProject section */

/* Begin PBXResourcesBuildPhase section */
		7D3968602668663300A916AD /* Resources */ = {
			isa = PBXResourcesBuildPhase;
			buildActionMask = 2147483647;
			files = (
				7D3968722668663400A916AD /* LaunchScreen.storyboard in Resources */,
				7D39686F2668663400A916AD /* Assets.xcassets in Resources */,
				7D39686D2668663300A916AD /* Main.storyboard in Resources */,
			);
			runOnlyForDeploymentPostprocessing = 0;
		};
/* End PBXResourcesBuildPhase section */

/* Begin PBXSourcesBuildPhase section */
		7D39685E2668663300A916AD /* Sources */ = {
			isa = PBXSourcesBuildPhase;
			buildActionMask = 2147483647;
			files = (
				7D39686A2668663300A916AD /* ViewController.swift in Sources */,
				7D5056FD27FBD91700F9B652 /* FirstVC.swift in Sources */,
				7D5056FF27FBD91F00F9B652 /* SecondVC.swift in Sources */,
				7DFACA5927BB7222006DDC36 /* THSegmentControl.swift in Sources */,
				7D50570127FBD92900F9B652 /* ThirdVC.swift in Sources */,
				7D5056FA27FBD74800F9B652 /* THPageControl.swift in Sources */,
				7D3968662668663300A916AD /* AppDelegate.swift in Sources */,
				7D3968682668663300A916AD /* SceneDelegate.swift in Sources */,
			);
			runOnlyForDeploymentPostprocessing = 0;
		};
/* End PBXSourcesBuildPhase section */

/* Begin PBXVariantGroup section */
		7D39686B2668663300A916AD /* Main.storyboard */ = {
			isa = PBXVariantGroup;
			children = (
				7D39686C2668663300A916AD /* Base */,
			);
			name = Main.storyboard;
			sourceTree = "<group>";
		};
		7D3968702668663400A916AD /* LaunchScreen.storyboard */ = {
			isa = PBXVariantGroup;
			children = (
				7D3968712668663400A916AD /* Base */,
			);
			name = LaunchScreen.storyboard;
			sourceTree = "<group>";
		};
/* End PBXVariantGroup section */

/* Begin XCBuildConfiguration section */
		7D3968742668663400A916AD /* Debug */ = {
			isa = XCBuildConfiguration;
			buildSettings = {
				ALWAYS_SEARCH_USER_PATHS = NO;
				CLANG_ANALYZER_NONNULL = YES;
				CLANG_ANALYZER_NUMBER_OBJECT_CONVERSION = YES_AGGRESSIVE;
				CLANG_CXX_LANGUAGE_STANDARD = "gnu++14";
				CLANG_CXX_LIBRARY = "libc++";
				CLANG_ENABLE_MODULES = YES;
				CLANG_ENABLE_OBJC_ARC = YES;
				CLANG_ENABLE_OBJC_WEAK = YES;
				CLANG_WARN_BLOCK_CAPTURE_AUTORELEASING = YES;
				CLANG_WARN_BOOL_CONVERSION = YES;
				CLANG_WARN_COMMA = YES;
				CLANG_WARN_CONSTANT_CONVERSION = YES;
				CLANG_WARN_DEPRECATED_OBJC_IMPLEMENTATIONS = YES;
				CLANG_WARN_DIRECT_OBJC_ISA_USAGE = YES_ERROR;
				CLANG_WARN_DOCUMENTATION_COMMENTS = YES;
				CLANG_WARN_EMPTY_BODY = YES;
				CLANG_WARN_ENUM_CONVERSION = YES;
				CLANG_WARN_INFINITE_RECURSION = YES;
				CLANG_WARN_INT_CONVERSION = YES;
				CLANG_WARN_NON_LITERAL_NULL_CONVERSION = YES;
				CLANG_WARN_OBJC_IMPLICIT_RETAIN_SELF = YES;
				CLANG_WARN_OBJC_LITERAL_CONVERSION = YES;
				CLANG_WARN_OBJC_ROOT_CLASS = YES_ERROR;
				CLANG_WARN_QUOTED_INCLUDE_IN_FRAMEWORK_HEADER = YES;
				CLANG_WARN_RANGE_LOOP_ANALYSIS = YES;
				CLANG_WARN_STRICT_PROTOTYPES = YES;
				CLANG_WARN_SUSPICIOUS_MOVE = YES;
				CLANG_WARN_UNGUARDED_AVAILABILITY = YES_AGGRESSIVE;
				CLANG_WARN_UNREACHABLE_CODE = YES;
				CLANG_WARN__DUPLICATE_METHOD_MATCH = YES;
				COPY_PHASE_STRIP = NO;
				DEBUG_INFORMATION_FORMAT = dwarf;
				ENABLE_STRICT_OBJC_MSGSEND = YES;
				ENABLE_TESTABILITY = YES;
				GCC_C_LANGUAGE_STANDARD = gnu11;
				GCC_DYNAMIC_NO_PIC = NO;
				GCC_NO_COMMON_BLOCKS = YES;
				GCC_OPTIMIZATION_LEVEL = 0;
				GCC_PREPROCESSOR_DEFINITIONS = (
					"DEBUG=1",
					"$(inherited)",
				);
				GCC_WARN_64_TO_32_BIT_CONVERSION = YES;
				GCC_WARN_ABOUT_RETURN_TYPE = YES_ERROR;
				GCC_WARN_UNDECLARED_SELECTOR = YES;
				GCC_WARN_UNINITIALIZED_AUTOS = YES_AGGRESSIVE;
				GCC_WARN_UNUSED_FUNCTION = YES;
				GCC_WARN_UNUSED_VARIABLE = YES;
				IPHONEOS_DEPLOYMENT_TARGET = 14.5;
				MTL_ENABLE_DEBUG_INFO = INCLUDE_SOURCE;
				MTL_FAST_MATH = YES;
				ONLY_ACTIVE_ARCH = YES;
				SDKROOT = iphoneos;
				SWIFT_ACTIVE_COMPILATION_CONDITIONS = DEBUG;
				SWIFT_OPTIMIZATION_LEVEL = "-Onone";
			};
			name = Debug;
		};
		7D3968752668663400A916AD /* Release */ = {
			isa = XCBuildConfiguration;
			buildSettings = {
				ALWAYS_SEARCH_USER_PATHS = NO;
				CLANG_ANALYZER_NONNULL = YES;
				CLANG_ANALYZER_NUMBER_OBJECT_CONVERSION = YES_AGGRESSIVE;
				CLANG_CXX_LANGUAGE_STANDARD = "gnu++14";
				CLANG_CXX_LIBRARY = "libc++";
				CLANG_ENABLE_MODULES = YES;
				CLANG_ENABLE_OBJC_ARC = YES;
				CLANG_ENABLE_OBJC_WEAK = YES;
				CLANG_WARN_BLOCK_CAPTURE_AUTORELEASING = YES;
				CLANG_WARN_BOOL_CONVERSION = YES;
				CLANG_WARN_COMMA = YES;
				CLANG_WARN_CONSTANT_CONVERSION = YES;
				CLANG_WARN_DEPRECATED_OBJC_IMPLEMENTATIONS = YES;
				CLANG_WARN_DIRECT_OBJC_ISA_USAGE = YES_ERROR;
				CLANG_WARN_DOCUMENTATION_COMMENTS = YES;
				CLANG_WARN_EMPTY_BODY = YES;
				CLANG_WARN_ENUM_CONVERSION = YES;
				CLANG_WARN_INFINITE_RECURSION = YES;
				CLANG_WARN_INT_CONVERSION = YES;
				CLANG_WARN_NON_LITERAL_NULL_CONVERSION = YES;
				CLANG_WARN_OBJC_IMPLICIT_RETAIN_SELF = YES;
				CLANG_WARN_OBJC_LITERAL_CONVERSION = YES;
				CLANG_WARN_OBJC_ROOT_CLASS = YES_ERROR;
				CLANG_WARN_QUOTED_INCLUDE_IN_FRAMEWORK_HEADER = YES;
				CLANG_WARN_RANGE_LOOP_ANALYSIS = YES;
				CLANG_WARN_STRICT_PROTOTYPES = YES;
				CLANG_WARN_SUSPICIOUS_MOVE = YES;
				CLANG_WARN_UNGUARDED_AVAILABILITY = YES_AGGRESSIVE;
				CLANG_WARN_UNREACHABLE_CODE = YES;
				CLANG_WARN__DUPLICATE_METHOD_MATCH = YES;
				COPY_PHASE_STRIP = NO;
				DEBUG_INFORMATION_FORMAT = "dwarf-with-dsym";
				ENABLE_NS_ASSERTIONS = NO;
				ENABLE_STRICT_OBJC_MSGSEND = YES;
				GCC_C_LANGUAGE_STANDARD = gnu11;
				GCC_NO_COMMON_BLOCKS = YES;
				GCC_WARN_64_TO_32_BIT_CONVERSION = YES;
				GCC_WARN_ABOUT_RETURN_TYPE = YES_ERROR;
				GCC_WARN_UNDECLARED_SELECTOR = YES;
				GCC_WARN_UNINITIALIZED_AUTOS = YES_AGGRESSIVE;
				GCC_WARN_UNUSED_FUNCTION = YES;
				GCC_WARN_UNUSED_VARIABLE = YES;
				IPHONEOS_DEPLOYMENT_TARGET = 14.5;
				MTL_ENABLE_DEBUG_INFO = NO;
				MTL_FAST_MATH = YES;
				SDKROOT = iphoneos;
				SWIFT_COMPILATION_MODE = wholemodule;
				SWIFT_OPTIMIZATION_LEVEL = "-O";
				VALIDATE_PRODUCT = YES;
			};
			name = Release;
		};
		7D3968772668663400A916AD /* Debug */ = {
			isa = XCBuildConfiguration;
			buildSettings = {
				ASSETCATALOG_COMPILER_APPICON_NAME = AppIcon;
				ASSETCATALOG_COMPILER_GLOBAL_ACCENT_COLOR_NAME = AccentColor;
				CODE_SIGN_STYLE = Automatic;
				DEVELOPMENT_TEAM = 2K3242P3CC;
				INFOPLIST_FILE = THSegmentControl/Info.plist;
				IPHONEOS_DEPLOYMENT_TARGET = 14.5;
				LD_RUNPATH_SEARCH_PATHS = (
					"$(inherited)",
					"@executable_path/Frameworks",
				);
				PRODUCT_BUNDLE_IDENTIFIER = com.yutaehun.THSegmentControl;
				PRODUCT_NAME = "$(TARGET_NAME)";
				SWIFT_VERSION = 5.0;
				TARGETED_DEVICE_FAMILY = "1,2";
			};
			name = Debug;
		};
		7D3968782668663400A916AD /* Release */ = {
			isa = XCBuildConfiguration;
			buildSettings = {
				ASSETCATALOG_COMPILER_APPICON_NAME = AppIcon;
				ASSETCATALOG_COMPILER_GLOBAL_ACCENT_COLOR_NAME = AccentColor;
				CODE_SIGN_STYLE = Automatic;
				DEVELOPMENT_TEAM = 2K3242P3CC;
				INFOPLIST_FILE = THSegmentControl/Info.plist;
				IPHONEOS_DEPLOYMENT_TARGET = 14.5;
				LD_RUNPATH_SEARCH_PATHS = (
					"$(inherited)",
					"@executable_path/Frameworks",
				);
				PRODUCT_BUNDLE_IDENTIFIER = com.yutaehun.THSegmentControl;
				PRODUCT_NAME = "$(TARGET_NAME)";
				SWIFT_VERSION = 5.0;
				TARGETED_DEVICE_FAMILY = "1,2";
			};
			name = Release;
		};
/* End XCBuildConfiguration section */

/* Begin XCConfigurationList section */
		7D39685D2668663300A916AD /* Build configuration list for PBXProject "THSegmentControl" */ = {
			isa = XCConfigurationList;
			buildConfigurations = (
				7D3968742668663400A916AD /* Debug */,
				7D3968752668663400A916AD /* Release */,
			);
			defaultConfigurationIsVisible = 0;
			defaultConfigurationName = Release;
		};
		7D3968762668663400A916AD /* Build configuration list for PBXNativeTarget "THSegmentControl" */ = {
			isa = XCConfigurationList;
			buildConfigurations = (
				7D3968772668663400A916AD /* Debug */,
				7D3968782668663400A916AD /* Release */,
			);
			defaultConfigurationIsVisible = 0;
			defaultConfigurationName = Release;
		};
/* End XCConfigurationList section */
	};
	rootObject = 7D39685A2668663300A916AD /* Project object */;
}
